{
  "name": "testcalc",
  "version": "1.0.0",
  "lockfileVersion": 2,
  "requires": true,
  "packages": {
    "": {
      "name": "testcalc",
      "version": "1.0.0",
      "license": "ISC",
      "dependencies": {
        "xablecalc": "^1.0.0"
      }
    },
    "node_modules/xablecalc": {
      "version": "1.0.0",
      "resolved": "https://registry.npmjs.org/xablecalc/-/xablecalc-1.0.0.tgz",
      "integrity": "sha512-omrogI69R+TPkVernm1LduUe4AOLqDGE1A3HIX9hKDPmLKeCGbGMwmdTp0aRzXfc9qtzjvZNR4Qru6TlRIjgQQ=="
    }
  },
  "dependencies": {
    "xablecalc": {
      "version": "1.0.0",
      "resolved": "https://registry.npmjs.org/xablecalc/-/xablecalc-1.0.0.tgz",
      "integrity": "sha512-omrogI69R+TPkVernm1LduUe4AOLqDGE1A3HIX9hKDPmLKeCGbGMwmdTp0aRzXfc9qtzjvZNR4Qru6TlRIjgQQ=="
    }
  }
}
